
Microsoft Visual Studio Solution File, Format Version 12.00
# Visual Studio Version 16
VisualStudioVersion = 16.0.34902.97
MinimumVisualStudioVersion = 10.0.40219.1
Project("{FAE04EC0-301F-11D3-BF4B-00C04F79EFBC}") = "DependentDLL", "DependentDLL\DependentDLL.csproj", "{B570A20C-ED7D-4C05-AFAA-D767CE94C14E}"
EndProject
Global
	GlobalSection(SolutionConfigurationPlatforms) = preSolution
		Debug|Any CPU = Debug|Any CPU
		Release|Any CPU = Release|Any CPU
	EndGlobalSection
	GlobalSection(ProjectConfigurationPlatforms) = postSolution
		{B570A20C-ED7D-4C05-AFAA-D767CE94C14E}.Debug|Any CPU.ActiveCfg = Debug|Any CPU
		{B570A20C-ED7D-4C05-AFAA-D767CE94C14E}.Debug|Any CPU.Build.0 = Debug|Any CPU
		{B570A20C-ED7D-4C05-AFAA-D767CE94C14E}.Release|Any CPU.ActiveCfg = Release|Any CPU
		{B570A20C-ED7D-4C05-AFAA-D767CE94C14E}.Release|Any CPU.Build.0 = Release|Any CPU
	EndGlobalSection
	GlobalSection(SolutionProperties) = preSolution
		HideSolutionNode = FALSE
	EndGlobalSection
	GlobalSection(ExtensibilityGlobals) = postSolution
		SolutionGuid = {E9D24CCA-092A-4B9A-BC38-12250B7F3D19}
	EndGlobalSection
EndGlobal
