
Microsoft Visual Studio Solution File, Format Version 12.00
# Visual Studio Version 16
VisualStudioVersion = 16.0.34902.97
MinimumVisualStudioVersion = 10.0.40219.1
Project("{FAE04EC0-301F-11D3-BF4B-00C04F79EFBC}") = "PrimaryDLL", "PrimaryDLL\PrimaryDLL.csproj", "{3D0C1623-E366-4B75-851F-180CFF5B514C}"
EndProject
Global
	GlobalSection(SolutionConfigurationPlatforms) = preSolution
		Debug|Any CPU = Debug|Any CPU
		Release|Any CPU = Release|Any CPU
	EndGlobalSection
	GlobalSection(ProjectConfigurationPlatforms) = postSolution
		{3D0C1623-E366-4B75-851F-180CFF5B514C}.Debug|Any CPU.ActiveCfg = Debug|Any CPU
		{3D0C1623-E366-4B75-851F-180CFF5B514C}.Debug|Any CPU.Build.0 = Debug|Any CPU
		{3D0C1623-E366-4B75-851F-180CFF5B514C}.Release|Any CPU.ActiveCfg = Release|Any CPU
		{3D0C1623-E366-4B75-851F-180CFF5B514C}.Release|Any CPU.Build.0 = Release|Any CPU
	EndGlobalSection
	GlobalSection(SolutionProperties) = preSolution
		HideSolutionNode = FALSE
	EndGlobalSection
	GlobalSection(ExtensibilityGlobals) = postSolution
		SolutionGuid = {CA792B13-CF0F-47AB-866A-0B27EF114458}
	EndGlobalSection
EndGlobal
